
Microsoft Visual Studio Solution File, Format Version 12.00
# Visual Studio Version 16
VisualStudioVersion = 16.0.29521.150
MinimumVisualStudioVersion = 10.0.40219.1
Project("{FAE04EC0-301F-11D3-BF4B-00C04F79EFBC}") = "browse_image", "browse_image.csproj", "{FF60138A-A74E-49D5-9405-E22F7F433388}"
EndProject
Global
	GlobalSection(SolutionConfigurationPlatforms) = preSolution
		Debug|Any CPU = Debug|Any CPU
		Release|Any CPU = Release|Any CPU
	EndGlobalSection
	GlobalSection(ProjectConfigurationPlatforms) = postSolution
		{FF60138A-A74E-49D5-9405-E22F7F433388}.Debug|Any CPU.ActiveCfg = Debug|Any CPU
		{FF60138A-A74E-49D5-9405-E22F7F433388}.Debug|Any CPU.Build.0 = Debug|Any CPU
		{FF60138A-A74E-49D5-9405-E22F7F433388}.Release|Any CPU.ActiveCfg = Release|Any CPU
		{FF60138A-A74E-49D5-9405-E22F7F433388}.Release|Any CPU.Build.0 = Release|Any CPU
	EndGlobalSection
	GlobalSection(SolutionProperties) = preSolution
		HideSolutionNode = FALSE
	EndGlobalSection
	GlobalSection(ExtensibilityGlobals) = postSolution
		SolutionGuid = {691126C7-8414-4DDF-8CA4-6CDBF8D5DCF3}
	EndGlobalSection
EndGlobal
